
Microsoft Visual Studio Solution File, Format Version 12.00
# Visual Studio 14
VisualStudioVersion = 14.0.23107.0
MinimumVisualStudioVersion = 10.0.40219.1
Project("{8BC9CEB8-8B4A-11D0-8D11-00A0C91BC942}") = "Starlight-Core", "Starlight-Core\Starlight-Core.vcxproj", "{86FC9707-DB7D-465E-BAEE-9460FECC52BB}"
	ProjectSection(ProjectDependencies) = postProject
		{0FA94D0F-8443-43D9-82E8-DFB00E657342} = {0FA94D0F-8443-43D9-82E8-DFB00E657342}
		{5B310DA2-3D6F-4D98-91FA-1F8DEA2CB4CF} = {5B310DA2-3D6F-4D98-91FA-1F8DEA2CB4CF}
	EndProjectSection
EndProject
Project("{8BC9CEB8-8B4A-11D0-8D11-00A0C91BC942}") = "glew_shared", "dependcies\glew\build\vc10\glew_shared.vcxproj", "{0FA94D0F-8443-43D9-82E8-DFB00E657342}"
EndProject
Project("{8BC9CEB8-8B4A-11D0-8D11-00A0C91BC942}") = "glfw", "dependcies\glfw\src\glfw.vcxproj", "{5B310DA2-3D6F-4D98-91FA-1F8DEA2CB4CF}"
EndProject
Project("{8BC9CEB8-8B4A-11D0-8D11-00A0C91BC942}") = "Starlight-Example", "Starlight-Example\Starlight-Example.vcxproj", "{CB4EB34F-0E8C-4826-8CEE-9F197EFE9258}"
EndProject
Project("{2150E333-8FDC-42A3-9474-1A3956D46DE8}") = "Solution Items", "Solution Items", "{CCA56BDB-4FF0-4EE8-8752-CD5D1C70A047}"
	ProjectSection(SolutionItems) = preProject
		.gitignore = .gitignore
		.gitmodules = .gitmodules
		LICENSE = LICENSE
		NOTICE = NOTICE
		README.md = README.md
	EndProjectSection
EndProject
Project("{8BC9CEB8-8B4A-11D0-8D11-00A0C91BC942}") = "ALL_BUILD", "dependcies\cereal\ALL_BUILD.vcxproj", "{CE97252F-2221-4002-862A-D44705F54205}"
EndProject
Project("{8BC9CEB8-8B4A-11D0-8D11-00A0C91BC942}") = "Starlight-Test", "Starlight-Test\Starlight-Test.vcxproj", "{D4A589C7-DE70-440A-AAFF-FDFE79C125BF}"
	ProjectSection(ProjectDependencies) = postProject
		{86FC9707-DB7D-465E-BAEE-9460FECC52BB} = {86FC9707-DB7D-465E-BAEE-9460FECC52BB}
	EndProjectSection
EndProject
Global
	GlobalSection(SolutionConfigurationPlatforms) = preSolution
		clang_release|x64 = clang_release|x64
		clang_release|x86 = clang_release|x86
		clang|x64 = clang|x64
		clang|x86 = clang|x86
		Debug MX|x64 = Debug MX|x64
		Debug MX|x86 = Debug MX|x86
		Debug|x64 = Debug|x64
		Debug|x86 = Debug|x86
		MinSizeRel|x64 = MinSizeRel|x64
		MinSizeRel|x86 = MinSizeRel|x86
		Release MX|x64 = Release MX|x64
		Release MX|x86 = Release MX|x86
		Release|x64 = Release|x64
		Release|x86 = Release|x86
		RelWithDebInfo|x64 = RelWithDebInfo|x64
		RelWithDebInfo|x86 = RelWithDebInfo|x86
	EndGlobalSection
	GlobalSection(ProjectConfigurationPlatforms) = postSolution
		{86FC9707-DB7D-465E-BAEE-9460FECC52BB}.clang_release|x64.ActiveCfg = clang_release|Win32
		{86FC9707-DB7D-465E-BAEE-9460FECC52BB}.clang_release|x86.ActiveCfg = clang_release|Win32
		{86FC9707-DB7D-465E-BAEE-9460FECC52BB}.clang_release|x86.Build.0 = clang_release|Win32
		{86FC9707-DB7D-465E-BAEE-9460FECC52BB}.clang|x64.ActiveCfg = clang|Win32
		{86FC9707-DB7D-465E-BAEE-9460FECC52BB}.clang|x86.ActiveCfg = clang|Win32
		{86FC9707-DB7D-465E-BAEE-9460FECC52BB}.clang|x86.Build.0 = clang|Win32
		{86FC9707-DB7D-465E-BAEE-9460FECC52BB}.Debug MX|x64.ActiveCfg = Release|Win32
		{86FC9707-DB7D-465E-BAEE-9460FECC52BB}.Debug MX|x64.Build.0 = Release|Win32
		{86FC9707-DB7D-465E-BAEE-9460FECC52BB}.Debug MX|x86.ActiveCfg = Debug|Win32
		{86FC9707-DB7D-465E-BAEE-9460FECC52BB}.Debug MX|x86.Build.0 = Debug|Win32
		{86FC9707-DB7D-465E-BAEE-9460FECC52BB}.Debug|x64.ActiveCfg = Debug|Win32
		{86FC9707-DB7D-465E-BAEE-9460FECC52BB}.Debug|x86.ActiveCfg = Debug|Win32
		{86FC9707-DB7D-465E-BAEE-9460FECC52BB}.Debug|x86.Build.0 = Debug|Win32
		{86FC9707-DB7D-465E-BAEE-9460FECC52BB}.MinSizeRel|x64.ActiveCfg = Release|Win32
		{86FC9707-DB7D-465E-BAEE-9460FECC52BB}.MinSizeRel|x64.Build.0 = Release|Win32
		{86FC9707-DB7D-465E-BAEE-9460FECC52BB}.MinSizeRel|x86.ActiveCfg = Release|Win32
		{86FC9707-DB7D-465E-BAEE-9460FECC52BB}.MinSizeRel|x86.Build.0 = Release|Win32
		{86FC9707-DB7D-465E-BAEE-9460FECC52BB}.Release MX|x64.ActiveCfg = Release|Win32
		{86FC9707-DB7D-465E-BAEE-9460FECC52BB}.Release MX|x64.Build.0 = Release|Win32
		{86FC9707-DB7D-465E-BAEE-9460FECC52BB}.Release MX|x86.ActiveCfg = Release|Win32
		{86FC9707-DB7D-465E-BAEE-9460FECC52BB}.Release MX|x86.Build.0 = Release|Win32
		{86FC9707-DB7D-465E-BAEE-9460FECC52BB}.Release|x64.ActiveCfg = Release|Win32
		{86FC9707-DB7D-465E-BAEE-9460FECC52BB}.Release|x86.ActiveCfg = Release|Win32
		{86FC9707-DB7D-465E-BAEE-9460FECC52BB}.Release|x86.Build.0 = Release|Win32
		{86FC9707-DB7D-465E-BAEE-9460FECC52BB}.RelWithDebInfo|x64.ActiveCfg = Release|Win32
		{86FC9707-DB7D-465E-BAEE-9460FECC52BB}.RelWithDebInfo|x64.Build.0 = Release|Win32
		{86FC9707-DB7D-465E-BAEE-9460FECC52BB}.RelWithDebInfo|x86.ActiveCfg = Release|Win32
		{86FC9707-DB7D-465E-BAEE-9460FECC52BB}.RelWithDebInfo|x86.Build.0 = Release|Win32
		{0FA94D0F-8443-43D9-82E8-DFB00E657342}.clang_release|x64.ActiveCfg = clang_release|Win32
		{0FA94D0F-8443-43D9-82E8-DFB00E657342}.clang_release|x86.ActiveCfg = clang_release|Win32
		{0FA94D0F-8443-43D9-82E8-DFB00E657342}.clang_release|x86.Build.0 = clang_release|Win32
		{0FA94D0F-8443-43D9-82E8-DFB00E657342}.clang|x64.ActiveCfg = clang|Win32
		{0FA94D0F-8443-43D9-82E8-DFB00E657342}.clang|x86.ActiveCfg = clang|Win32
		{0FA94D0F-8443-43D9-82E8-DFB00E657342}.clang|x86.Build.0 = clang|Win32
		{0FA94D0F-8443-43D9-82E8-DFB00E657342}.Debug MX|x64.ActiveCfg = Debug MX|Win32
		{0FA94D0F-8443-43D9-82E8-DFB00E657342}.Debug MX|x86.ActiveCfg = Debug MX|Win32
		{0FA94D0F-8443-43D9-82E8-DFB00E657342}.Debug MX|x86.Build.0 = Debug MX|Win32
		{0FA94D0F-8443-43D9-82E8-DFB00E657342}.Debug|x64.ActiveCfg = Debug|Win32
		{0FA94D0F-8443-43D9-82E8-DFB00E657342}.Debug|x86.ActiveCfg = Debug|Win32
		{0FA94D0F-8443-43D9-82E8-DFB00E657342}.Debug|x86.Build.0 = Debug|Win32
		{0FA94D0F-8443-43D9-82E8-DFB00E657342}.MinSizeRel|x64.ActiveCfg = Release|Win32
		{0FA94D0F-8443-43D9-82E8-DFB00E657342}.MinSizeRel|x64.Build.0 = Release|Win32
		{0FA94D0F-8443-43D9-82E8-DFB00E657342}.MinSizeRel|x86.ActiveCfg = Debug MX|Win32
		{0FA94D0F-8443-43D9-82E8-DFB00E657342}.MinSizeRel|x86.Build.0 = Debug MX|Win32
		{0FA94D0F-8443-43D9-82E8-DFB00E657342}.Release MX|x64.ActiveCfg = Release MX|Win32
		{0FA94D0F-8443-43D9-82E8-DFB00E657342}.Release MX|x86.ActiveCfg = Release MX|Win32
		{0FA94D0F-8443-43D9-82E8-DFB00E657342}.Release MX|x86.Build.0 = Release MX|Win32
		{0FA94D0F-8443-43D9-82E8-DFB00E657342}.Release|x64.ActiveCfg = Release|Win32
		{0FA94D0F-8443-43D9-82E8-DFB00E657342}.Release|x86.ActiveCfg = Release|Win32
		{0FA94D0F-8443-43D9-82E8-DFB00E657342}.Release|x86.Build.0 = Release|Win32
		{0FA94D0F-8443-43D9-82E8-DFB00E657342}.RelWithDebInfo|x64.ActiveCfg = Release|Win32
		{0FA94D0F-8443-43D9-82E8-DFB00E657342}.RelWithDebInfo|x64.Build.0 = Release|Win32
		{0FA94D0F-8443-43D9-82E8-DFB00E657342}.RelWithDebInfo|x86.ActiveCfg = Release MX|Win32
		{0FA94D0F-8443-43D9-82E8-DFB00E657342}.RelWithDebInfo|x86.Build.0 = Release MX|Win32
		{5B310DA2-3D6F-4D98-91FA-1F8DEA2CB4CF}.clang_release|x64.ActiveCfg = clang_release|Win32
		{5B310DA2-3D6F-4D98-91FA-1F8DEA2CB4CF}.clang_release|x86.ActiveCfg = clang_release|Win32
		{5B310DA2-3D6F-4D98-91FA-1F8DEA2CB4CF}.clang_release|x86.Build.0 = clang_release|Win32
		{5B310DA2-3D6F-4D98-91FA-1F8DEA2CB4CF}.clang|x64.ActiveCfg = clang|Win32
		{5B310DA2-3D6F-4D98-91FA-1F8DEA2CB4CF}.clang|x86.ActiveCfg = clang|Win32
		{5B310DA2-3D6F-4D98-91FA-1F8DEA2CB4CF}.clang|x86.Build.0 = clang|Win32
		{5B310DA2-3D6F-4D98-91FA-1F8DEA2CB4CF}.Debug MX|x64.ActiveCfg = RelWithDebInfo|Win32
		{5B310DA2-3D6F-4D98-91FA-1F8DEA2CB4CF}.Debug MX|x64.Build.0 = RelWithDebInfo|Win32
		{5B310DA2-3D6F-4D98-91FA-1F8DEA2CB4CF}.Debug MX|x86.ActiveCfg = Debug|Win32
		{5B310DA2-3D6F-4D98-91FA-1F8DEA2CB4CF}.Debug MX|x86.Build.0 = Debug|Win32
		{5B310DA2-3D6F-4D98-91FA-1F8DEA2CB4CF}.Debug|x64.ActiveCfg = Debug|Win32
		{5B310DA2-3D6F-4D98-91FA-1F8DEA2CB4CF}.Debug|x86.ActiveCfg = Debug|Win32
		{5B310DA2-3D6F-4D98-91FA-1F8DEA2CB4CF}.Debug|x86.Build.0 = Debug|Win32
		{5B310DA2-3D6F-4D98-91FA-1F8DEA2CB4CF}.MinSizeRel|x64.ActiveCfg = MinSizeRel|Win32
		{5B310DA2-3D6F-4D98-91FA-1F8DEA2CB4CF}.MinSizeRel|x86.ActiveCfg = MinSizeRel|Win32
		{5B310DA2-3D6F-4D98-91FA-1F8DEA2CB4CF}.MinSizeRel|x86.Build.0 = MinSizeRel|Win32
		{5B310DA2-3D6F-4D98-91FA-1F8DEA2CB4CF}.Release MX|x64.ActiveCfg = RelWithDebInfo|Win32
		{5B310DA2-3D6F-4D98-91FA-1F8DEA2CB4CF}.Release MX|x64.Build.0 = RelWithDebInfo|Win32
		{5B310DA2-3D6F-4D98-91FA-1F8DEA2CB4CF}.Release MX|x86.ActiveCfg = Release|Win32
		{5B310DA2-3D6F-4D98-91FA-1F8DEA2CB4CF}.Release MX|x86.Build.0 = Release|Win32
		{5B310DA2-3D6F-4D98-91FA-1F8DEA2CB4CF}.Release|x64.ActiveCfg = Release|Win32
		{5B310DA2-3D6F-4D98-91FA-1F8DEA2CB4CF}.Release|x86.ActiveCfg = Release|Win32
		{5B310DA2-3D6F-4D98-91FA-1F8DEA2CB4CF}.Release|x86.Build.0 = Release|Win32
		{5B310DA2-3D6F-4D98-91FA-1F8DEA2CB4CF}.RelWithDebInfo|x64.ActiveCfg = RelWithDebInfo|Win32
		{5B310DA2-3D6F-4D98-91FA-1F8DEA2CB4CF}.RelWithDebInfo|x86.ActiveCfg = RelWithDebInfo|Win32
		{5B310DA2-3D6F-4D98-91FA-1F8DEA2CB4CF}.RelWithDebInfo|x86.Build.0 = RelWithDebInfo|Win32
		{CB4EB34F-0E8C-4826-8CEE-9F197EFE9258}.clang_release|x64.ActiveCfg = clang_release|Win32
		{CB4EB34F-0E8C-4826-8CEE-9F197EFE9258}.clang_release|x86.ActiveCfg = clang_release|Win32
		{CB4EB34F-0E8C-4826-8CEE-9F197EFE9258}.clang_release|x86.Build.0 = clang_release|Win32
		{CB4EB34F-0E8C-4826-8CEE-9F197EFE9258}.clang|x64.ActiveCfg = clang|Win32
		{CB4EB34F-0E8C-4826-8CEE-9F197EFE9258}.clang|x86.ActiveCfg = clang|Win32
		{CB4EB34F-0E8C-4826-8CEE-9F197EFE9258}.clang|x86.Build.0 = clang|Win32
		{CB4EB34F-0E8C-4826-8CEE-9F197EFE9258}.Debug MX|x64.ActiveCfg = Release|Win32
		{CB4EB34F-0E8C-4826-8CEE-9F197EFE9258}.Debug MX|x64.Build.0 = Release|Win32
		{CB4EB34F-0E8C-4826-8CEE-9F197EFE9258}.Debug MX|x86.ActiveCfg = Debug|Win32
		{CB4EB34F-0E8C-4826-8CEE-9F197EFE9258}.Debug MX|x86.Build.0 = Debug|Win32
		{CB4EB34F-0E8C-4826-8CEE-9F197EFE9258}.Debug|x64.ActiveCfg = Debug|Win32
		{CB4EB34F-0E8C-4826-8CEE-9F197EFE9258}.Debug|x86.ActiveCfg = Debug|Win32
		{CB4EB34F-0E8C-4826-8CEE-9F197EFE9258}.Debug|x86.Build.0 = Debug|Win32
		{CB4EB34F-0E8C-4826-8CEE-9F197EFE9258}.MinSizeRel|x64.ActiveCfg = Release|Win32
		{CB4EB34F-0E8C-4826-8CEE-9F197EFE9258}.MinSizeRel|x64.Build.0 = Release|Win32
		{CB4EB34F-0E8C-4826-8CEE-9F197EFE9258}.MinSizeRel|x86.ActiveCfg = Release|Win32
		{CB4EB34F-0E8C-4826-8CEE-9F197EFE9258}.MinSizeRel|x86.Build.0 = Release|Win32
		{CB4EB34F-0E8C-4826-8CEE-9F197EFE9258}.Release MX|x64.ActiveCfg = Release|Win32
		{CB4EB34F-0E8C-4826-8CEE-9F197EFE9258}.Release MX|x64.Build.0 = Release|Win32
		{CB4EB34F-0E8C-4826-8CEE-9F197EFE9258}.Release MX|x86.ActiveCfg = Release|Win32
		{CB4EB34F-0E8C-4826-8CEE-9F197EFE9258}.Release MX|x86.Build.0 = Release|Win32
		{CB4EB34F-0E8C-4826-8CEE-9F197EFE9258}.Release|x64.ActiveCfg = Release|Win32
		{CB4EB34F-0E8C-4826-8CEE-9F197EFE9258}.Release|x86.ActiveCfg = Release|Win32
		{CB4EB34F-0E8C-4826-8CEE-9F197EFE9258}.Release|x86.Build.0 = Release|Win32
		{CB4EB34F-0E8C-4826-8CEE-9F197EFE9258}.RelWithDebInfo|x64.ActiveCfg = Release|Win32
		{CB4EB34F-0E8C-4826-8CEE-9F197EFE9258}.RelWithDebInfo|x64.Build.0 = Release|Win32
		{CB4EB34F-0E8C-4826-8CEE-9F197EFE9258}.RelWithDebInfo|x86.ActiveCfg = Release|Win32
		{CB4EB34F-0E8C-4826-8CEE-9F197EFE9258}.RelWithDebInfo|x86.Build.0 = Release|Win32
		{CE97252F-2221-4002-862A-D44705F54205}.clang_release|x64.ActiveCfg = clang_release|Win32
		{CE97252F-2221-4002-862A-D44705F54205}.clang_release|x86.ActiveCfg = clang_release|Win32
		{CE97252F-2221-4002-862A-D44705F54205}.clang_release|x86.Build.0 = clang_release|Win32
		{CE97252F-2221-4002-862A-D44705F54205}.clang|x64.ActiveCfg = clang|Win32
		{CE97252F-2221-4002-862A-D44705F54205}.clang|x86.ActiveCfg = clang|Win32
		{CE97252F-2221-4002-862A-D44705F54205}.clang|x86.Build.0 = clang|Win32
		{CE97252F-2221-4002-862A-D44705F54205}.Debug MX|x64.ActiveCfg = Release|Win32
		{CE97252F-2221-4002-862A-D44705F54205}.Debug MX|x64.Build.0 = Release|Win32
		{CE97252F-2221-4002-862A-D44705F54205}.Debug MX|x86.ActiveCfg = Debug|Win32
		{CE97252F-2221-4002-862A-D44705F54205}.Debug MX|x86.Build.0 = Debug|Win32
		{CE97252F-2221-4002-862A-D44705F54205}.Debug|x64.ActiveCfg = Debug|Win32
		{CE97252F-2221-4002-862A-D44705F54205}.Debug|x86.ActiveCfg = Debug|Win32
		{CE97252F-2221-4002-862A-D44705F54205}.Debug|x86.Build.0 = Debug|Win32
		{CE97252F-2221-4002-862A-D44705F54205}.MinSizeRel|x64.ActiveCfg = MinSizeRel|Win32
		{CE97252F-2221-4002-862A-D44705F54205}.MinSizeRel|x86.ActiveCfg = MinSizeRel|Win32
		{CE97252F-2221-4002-862A-D44705F54205}.MinSizeRel|x86.Build.0 = MinSizeRel|Win32
		{CE97252F-2221-4002-862A-D44705F54205}.Release MX|x64.ActiveCfg = Release|Win32
		{CE97252F-2221-4002-862A-D44705F54205}.Release MX|x64.Build.0 = Release|Win32
		{CE97252F-2221-4002-862A-D44705F54205}.Release MX|x86.ActiveCfg = Release|Win32
		{CE97252F-2221-4002-862A-D44705F54205}.Release MX|x86.Build.0 = Release|Win32
		{CE97252F-2221-4002-862A-D44705F54205}.Release|x64.ActiveCfg = Release|Win32
		{CE97252F-2221-4002-862A-D44705F54205}.Release|x86.ActiveCfg = Release|Win32
		{CE97252F-2221-4002-862A-D44705F54205}.Release|x86.Build.0 = Release|Win32
		{CE97252F-2221-4002-862A-D44705F54205}.RelWithDebInfo|x64.ActiveCfg = RelWithDebInfo|Win32
		{CE97252F-2221-4002-862A-D44705F54205}.RelWithDebInfo|x86.ActiveCfg = RelWithDebInfo|Win32
		{CE97252F-2221-4002-862A-D44705F54205}.RelWithDebInfo|x86.Build.0 = RelWithDebInfo|Win32
		{D4A589C7-DE70-440A-AAFF-FDFE79C125BF}.clang_release|x64.ActiveCfg = clang_release|x64
		{D4A589C7-DE70-440A-AAFF-FDFE79C125BF}.clang_release|x64.Build.0 = clang_release|x64
		{D4A589C7-DE70-440A-AAFF-FDFE79C125BF}.clang_release|x86.ActiveCfg = clang_release|Win32
		{D4A589C7-DE70-440A-AAFF-FDFE79C125BF}.clang_release|x86.Build.0 = clang_release|Win32
		{D4A589C7-DE70-440A-AAFF-FDFE79C125BF}.clang|x64.ActiveCfg = clang|x64
		{D4A589C7-DE70-440A-AAFF-FDFE79C125BF}.clang|x64.Build.0 = clang|x64
		{D4A589C7-DE70-440A-AAFF-FDFE79C125BF}.clang|x86.ActiveCfg = clang|Win32
		{D4A589C7-DE70-440A-AAFF-FDFE79C125BF}.clang|x86.Build.0 = clang|Win32
		{D4A589C7-DE70-440A-AAFF-FDFE79C125BF}.Debug MX|x64.ActiveCfg = Debug|x64
		{D4A589C7-DE70-440A-AAFF-FDFE79C125BF}.Debug MX|x64.Build.0 = Debug|x64
		{D4A589C7-DE70-440A-AAFF-FDFE79C125BF}.Debug MX|x86.ActiveCfg = Debug|Win32
		{D4A589C7-DE70-440A-AAFF-FDFE79C125BF}.Debug MX|x86.Build.0 = Debug|Win32
		{D4A589C7-DE70-440A-AAFF-FDFE79C125BF}.Debug|x64.ActiveCfg = Debug|x64
		{D4A589C7-DE70-440A-AAFF-FDFE79C125BF}.Debug|x64.Build.0 = Debug|x64
		{D4A589C7-DE70-440A-AAFF-FDFE79C125BF}.Debug|x86.ActiveCfg = Debug|Win32
		{D4A589C7-DE70-440A-AAFF-FDFE79C125BF}.Debug|x86.Build.0 = Debug|Win32
		{D4A589C7-DE70-440A-AAFF-FDFE79C125BF}.MinSizeRel|x64.ActiveCfg = Release|x64
		{D4A589C7-DE70-440A-AAFF-FDFE79C125BF}.MinSizeRel|x64.Build.0 = Release|x64
		{D4A589C7-DE70-440A-AAFF-FDFE79C125BF}.MinSizeRel|x86.ActiveCfg = Release|Win32
		{D4A589C7-DE70-440A-AAFF-FDFE79C125BF}.MinSizeRel|x86.Build.0 = Release|Win32
		{D4A589C7-DE70-440A-AAFF-FDFE79C125BF}.Release MX|x64.ActiveCfg = Release|x64
		{D4A589C7-DE70-440A-AAFF-FDFE79C125BF}.Release MX|x64.Build.0 = Release|x64
		{D4A589C7-DE70-440A-AAFF-FDFE79C125BF}.Release MX|x86.ActiveCfg = Release|Win32
		{D4A589C7-DE70-440A-AAFF-FDFE79C125BF}.Release MX|x86.Build.0 = Release|Win32
		{D4A589C7-DE70-440A-AAFF-FDFE79C125BF}.Release|x64.ActiveCfg = Release|x64
		{D4A589C7-DE70-440A-AAFF-FDFE79C125BF}.Release|x64.Build.0 = Release|x64
		{D4A589C7-DE70-440A-AAFF-FDFE79C125BF}.Release|x86.ActiveCfg = Release|Win32
		{D4A589C7-DE70-440A-AAFF-FDFE79C125BF}.Release|x86.Build.0 = Release|Win32
		{D4A589C7-DE70-440A-AAFF-FDFE79C125BF}.RelWithDebInfo|x64.ActiveCfg = Release|x64
		{D4A589C7-DE70-440A-AAFF-FDFE79C125BF}.RelWithDebInfo|x64.Build.0 = Release|x64
		{D4A589C7-DE70-440A-AAFF-FDFE79C125BF}.RelWithDebInfo|x86.ActiveCfg = Release|Win32
		{D4A589C7-DE70-440A-AAFF-FDFE79C125BF}.RelWithDebInfo|x86.Build.0 = Release|Win32
	EndGlobalSection
	GlobalSection(SolutionProperties) = preSolution
		HideSolutionNode = FALSE
	EndGlobalSection
EndGlobal
